
Microsoft Visual Studio Solution File, Format Version 12.00
# Visual Studio Version 16
VisualStudioVersion = 16.0.30804.86
MinimumVisualStudioVersion = 10.0.40219.1
Project("{9A19103F-16F7-4668-BE54-9A1E7A4F7556}") = "MetaApp.DataContracts", "MetaApp.DataContracts\MetaApp.DataContracts.csproj", "{7AD3E621-CC80-4401-8D99-50229989EB55}"
EndProject
Project("{9A19103F-16F7-4668-BE54-9A1E7A4F7556}") = "MetaApp.Commands", "MetaApp.Commands\MetaApp.Commands.csproj", "{100696FD-72E6-4F75-939B-88EE2F87D2D8}"
EndProject
Project("{9A19103F-16F7-4668-BE54-9A1E7A4F7556}") = "MetaApp.Repository", "MetaApp.Repository\MetaApp.Repository.csproj", "{0827A702-3218-4724-B36E-4E5E9EDE30BF}"
EndProject
Project("{9A19103F-16F7-4668-BE54-9A1E7A4F7556}") = "MetaApp.Infrastructure", "MetaApp.Infrastructure\MetaApp.Infrastructure.csproj", "{7E362BBA-5BC6-4DE5-A718-E97863051AEC}"
EndProject
Project("{FAE04EC0-301F-11D3-BF4B-00C04F79EFBC}") = "MetaApp.Presentation", "MetaApp.Presentation\MetaApp.Presentation.csproj", "{4B12A5F4-3CC2-410A-AAC1-D55B0F25799A}"
EndProject
Project("{9A19103F-16F7-4668-BE54-9A1E7A4F7556}") = "MetaApp", "MetaApp\MetaApp.csproj", "{433BE5FA-1749-4869-BAE0-7C8539BDB1ED}"
EndProject
Global
	GlobalSection(SolutionConfigurationPlatforms) = preSolution
		Debug|Any CPU = Debug|Any CPU
		Release|Any CPU = Release|Any CPU
	EndGlobalSection
	GlobalSection(ProjectConfigurationPlatforms) = postSolution
		{7AD3E621-CC80-4401-8D99-50229989EB55}.Debug|Any CPU.ActiveCfg = Debug|Any CPU
		{7AD3E621-CC80-4401-8D99-50229989EB55}.Debug|Any CPU.Build.0 = Debug|Any CPU
		{7AD3E621-CC80-4401-8D99-50229989EB55}.Release|Any CPU.ActiveCfg = Release|Any CPU
		{7AD3E621-CC80-4401-8D99-50229989EB55}.Release|Any CPU.Build.0 = Release|Any CPU
		{100696FD-72E6-4F75-939B-88EE2F87D2D8}.Debug|Any CPU.ActiveCfg = Debug|Any CPU
		{100696FD-72E6-4F75-939B-88EE2F87D2D8}.Debug|Any CPU.Build.0 = Debug|Any CPU
		{100696FD-72E6-4F75-939B-88EE2F87D2D8}.Release|Any CPU.ActiveCfg = Release|Any CPU
		{100696FD-72E6-4F75-939B-88EE2F87D2D8}.Release|Any CPU.Build.0 = Release|Any CPU
		{0827A702-3218-4724-B36E-4E5E9EDE30BF}.Debug|Any CPU.ActiveCfg = Debug|Any CPU
		{0827A702-3218-4724-B36E-4E5E9EDE30BF}.Debug|Any CPU.Build.0 = Debug|Any CPU
		{0827A702-3218-4724-B36E-4E5E9EDE30BF}.Release|Any CPU.ActiveCfg = Release|Any CPU
		{0827A702-3218-4724-B36E-4E5E9EDE30BF}.Release|Any CPU.Build.0 = Release|Any CPU
		{7E362BBA-5BC6-4DE5-A718-E97863051AEC}.Debug|Any CPU.ActiveCfg = Debug|Any CPU
		{7E362BBA-5BC6-4DE5-A718-E97863051AEC}.Debug|Any CPU.Build.0 = Debug|Any CPU
		{7E362BBA-5BC6-4DE5-A718-E97863051AEC}.Release|Any CPU.ActiveCfg = Release|Any CPU
		{7E362BBA-5BC6-4DE5-A718-E97863051AEC}.Release|Any CPU.Build.0 = Release|Any CPU
		{4B12A5F4-3CC2-410A-AAC1-D55B0F25799A}.Debug|Any CPU.ActiveCfg = Debug|Any CPU
		{4B12A5F4-3CC2-410A-AAC1-D55B0F25799A}.Debug|Any CPU.Build.0 = Debug|Any CPU
		{4B12A5F4-3CC2-410A-AAC1-D55B0F25799A}.Release|Any CPU.ActiveCfg = Release|Any CPU
		{4B12A5F4-3CC2-410A-AAC1-D55B0F25799A}.Release|Any CPU.Build.0 = Release|Any CPU
		{433BE5FA-1749-4869-BAE0-7C8539BDB1ED}.Debug|Any CPU.ActiveCfg = Debug|Any CPU
		{433BE5FA-1749-4869-BAE0-7C8539BDB1ED}.Debug|Any CPU.Build.0 = Debug|Any CPU
		{433BE5FA-1749-4869-BAE0-7C8539BDB1ED}.Release|Any CPU.ActiveCfg = Release|Any CPU
		{433BE5FA-1749-4869-BAE0-7C8539BDB1ED}.Release|Any CPU.Build.0 = Release|Any CPU
	EndGlobalSection
	GlobalSection(SolutionProperties) = preSolution
		HideSolutionNode = FALSE
	EndGlobalSection
	GlobalSection(ExtensibilityGlobals) = postSolution
		SolutionGuid = {8D9F14B4-5B92-4ED0-909D-0109CB1C886A}
	EndGlobalSection
EndGlobal
